
Microsoft Visual Studio Solution File, Format Version 12.00
# Visual Studio Version 16
VisualStudioVersion = 16.0.31624.102
MinimumVisualStudioVersion = 10.0.40219.1
Project("{FAE04EC0-301F-11D3-BF4B-00C04F79EFBC}") = "Helloworld", "Helloworld\Helloworld.csproj", "{3A4A57B5-B7F4-4C79-AADE-18E2D040A08B}"
EndProject
Global
	GlobalSection(SolutionConfigurationPlatforms) = preSolution
		Debug|Any CPU = Debug|Any CPU
		Release|Any CPU = Release|Any CPU
	EndGlobalSection
	GlobalSection(ProjectConfigurationPlatforms) = postSolution
		{3A4A57B5-B7F4-4C79-AADE-18E2D040A08B}.Debug|Any CPU.ActiveCfg = Debug|Any CPU
		{3A4A57B5-B7F4-4C79-AADE-18E2D040A08B}.Debug|Any CPU.Build.0 = Debug|Any CPU
		{3A4A57B5-B7F4-4C79-AADE-18E2D040A08B}.Release|Any CPU.ActiveCfg = Release|Any CPU
		{3A4A57B5-B7F4-4C79-AADE-18E2D040A08B}.Release|Any CPU.Build.0 = Release|Any CPU
	EndGlobalSection
	GlobalSection(SolutionProperties) = preSolution
		HideSolutionNode = FALSE
	EndGlobalSection
	GlobalSection(ExtensibilityGlobals) = postSolution
		SolutionGuid = {CF86E9C7-72D3-4D2F-AE0D-7A5F051B20A4}
	EndGlobalSection
EndGlobal
